
Microsoft Visual Studio Solution File, Format Version 12.00
# Visual Studio Version 17
VisualStudioVersion = 17.5.002.0
MinimumVisualStudioVersion = 10.0.40219.1
Project("{2150E333-8FDC-42A3-9474-1A3956D46DE8}") = "sandbox", "sandbox", "{B6FE778F-294B-4080-9F79-7A8E48B37723}"
EndProject
Project("{9A19103F-16F7-4668-BE54-9A1E7A4F7556}") = "sandbox_project", "sandbox\sandbox_project\sandbox_project.csproj", "{AF3554B8-E24A-4131-9B12-9D8EB06797DB}"
EndProject
Project("{2150E333-8FDC-42A3-9474-1A3956D46DE8}") = "week01", "week01", "{063C39E4-2EEA-4E2A-90CA-53D2B1CC37B4}"
EndProject
Project("{9A19103F-16F7-4668-BE54-9A1E7A4F7556}") = "analyze", "week01\analyze\analyze.csproj", "{A20EBFB4-7B1C-4600-A602-E37BABB6261C}"
EndProject
Project("{9A19103F-16F7-4668-BE54-9A1E7A4F7556}") = "code", "week01\code\code.csproj", "{216DE676-0B81-4FEA-897B-BF8DFC1A8ACB}"
EndProject
Project("{9A19103F-16F7-4668-BE54-9A1E7A4F7556}") = "teach", "week01\teach\teach.csproj", "{3145E30D-3AEF-4585-BD00-4C63BD1DF02B}"
EndProject
Project("{2150E333-8FDC-42A3-9474-1A3956D46DE8}") = "week02", "week02", "{ED1D597C-5B1F-4D84-A6E8-A424944756A6}"
EndProject
Project("{9A19103F-16F7-4668-BE54-9A1E7A4F7556}") = "analyze", "week02\analyze\analyze.csproj", "{5E5E8929-A1CB-4A5C-A546-12A59619B147}"
EndProject
Project("{9A19103F-16F7-4668-BE54-9A1E7A4F7556}") = "code", "week02\code\code.csproj", "{6513D375-4051-4B16-B309-1B78DCF8C119}"
EndProject
Project("{9A19103F-16F7-4668-BE54-9A1E7A4F7556}") = "learn", "week02\learn\learn.csproj", "{D2F6553B-CD16-454F-AE6F-DFF26191B523}"
EndProject
Project("{9A19103F-16F7-4668-BE54-9A1E7A4F7556}") = "teach", "week02\teach\teach.csproj", "{B98D2909-DCD4-42D3-A7B0-391B1F07F098}"
EndProject
Project("{2150E333-8FDC-42A3-9474-1A3956D46DE8}") = "week03", "week03", "{7DA76702-59BD-4465-9FCE-D84CB535F366}"
EndProject
Project("{9A19103F-16F7-4668-BE54-9A1E7A4F7556}") = "code", "week03\code\code.csproj", "{7C8F3AF1-E3DE-463B-B23F-D56EC8C78E14}"
EndProject
Project("{9A19103F-16F7-4668-BE54-9A1E7A4F7556}") = "learn", "week03\learn\learn.csproj", "{45C9C689-1BB0-4F20-90A2-4DD5DD742DF2}"
EndProject
Project("{9A19103F-16F7-4668-BE54-9A1E7A4F7556}") = "teach", "week03\teach\teach.csproj", "{6AA16FCB-B692-490A-9991-4318145E9719}"
EndProject
Project("{2150E333-8FDC-42A3-9474-1A3956D46DE8}") = "week04", "week04", "{7726ED96-4BD3-4AE8-AD0D-D2EB39EB4818}"
EndProject
Project("{9A19103F-16F7-4668-BE54-9A1E7A4F7556}") = "code", "week04\code\code.csproj", "{60DF0907-6EED-4220-83C1-E69FF2A52046}"
EndProject
Project("{2150E333-8FDC-42A3-9474-1A3956D46DE8}") = "week05", "week05", "{8AA3B1E0-25D3-43B2-B9EE-83CE512304DB}"
EndProject
Project("{9A19103F-16F7-4668-BE54-9A1E7A4F7556}") = "code", "week05\code\code.csproj", "{271D59A9-7B8E-4D51-A022-77B3B0B7CDE2}"
EndProject
Project("{2150E333-8FDC-42A3-9474-1A3956D46DE8}") = "week06", "week06", "{8DAF244E-D9AD-43AC-8789-F53A13EA4E27}"
EndProject
Project("{9A19103F-16F7-4668-BE54-9A1E7A4F7556}") = "code", "week06\code\code.csproj", "{3AE5FE81-7214-44B7-B6E3-9097DBE80845}"
EndProject
Global
	GlobalSection(SolutionConfigurationPlatforms) = preSolution
		Debug|Any CPU = Debug|Any CPU
		Release|Any CPU = Release|Any CPU
	EndGlobalSection
	GlobalSection(ProjectConfigurationPlatforms) = postSolution
		{AF3554B8-E24A-4131-9B12-9D8EB06797DB}.Debug|Any CPU.ActiveCfg = Debug|Any CPU
		{AF3554B8-E24A-4131-9B12-9D8EB06797DB}.Debug|Any CPU.Build.0 = Debug|Any CPU
		{AF3554B8-E24A-4131-9B12-9D8EB06797DB}.Release|Any CPU.ActiveCfg = Release|Any CPU
		{AF3554B8-E24A-4131-9B12-9D8EB06797DB}.Release|Any CPU.Build.0 = Release|Any CPU
		{A20EBFB4-7B1C-4600-A602-E37BABB6261C}.Debug|Any CPU.ActiveCfg = Debug|Any CPU
		{A20EBFB4-7B1C-4600-A602-E37BABB6261C}.Debug|Any CPU.Build.0 = Debug|Any CPU
		{A20EBFB4-7B1C-4600-A602-E37BABB6261C}.Release|Any CPU.ActiveCfg = Release|Any CPU
		{A20EBFB4-7B1C-4600-A602-E37BABB6261C}.Release|Any CPU.Build.0 = Release|Any CPU
		{216DE676-0B81-4FEA-897B-BF8DFC1A8ACB}.Debug|Any CPU.ActiveCfg = Debug|Any CPU
		{216DE676-0B81-4FEA-897B-BF8DFC1A8ACB}.Debug|Any CPU.Build.0 = Debug|Any CPU
		{216DE676-0B81-4FEA-897B-BF8DFC1A8ACB}.Release|Any CPU.ActiveCfg = Release|Any CPU
		{216DE676-0B81-4FEA-897B-BF8DFC1A8ACB}.Release|Any CPU.Build.0 = Release|Any CPU
		{3145E30D-3AEF-4585-BD00-4C63BD1DF02B}.Debug|Any CPU.ActiveCfg = Debug|Any CPU
		{3145E30D-3AEF-4585-BD00-4C63BD1DF02B}.Debug|Any CPU.Build.0 = Debug|Any CPU
		{3145E30D-3AEF-4585-BD00-4C63BD1DF02B}.Release|Any CPU.ActiveCfg = Release|Any CPU
		{3145E30D-3AEF-4585-BD00-4C63BD1DF02B}.Release|Any CPU.Build.0 = Release|Any CPU
		{5E5E8929-A1CB-4A5C-A546-12A59619B147}.Debug|Any CPU.ActiveCfg = Debug|Any CPU
		{5E5E8929-A1CB-4A5C-A546-12A59619B147}.Debug|Any CPU.Build.0 = Debug|Any CPU
		{5E5E8929-A1CB-4A5C-A546-12A59619B147}.Release|Any CPU.ActiveCfg = Release|Any CPU
		{5E5E8929-A1CB-4A5C-A546-12A59619B147}.Release|Any CPU.Build.0 = Release|Any CPU
		{6513D375-4051-4B16-B309-1B78DCF8C119}.Debug|Any CPU.ActiveCfg = Debug|Any CPU
		{6513D375-4051-4B16-B309-1B78DCF8C119}.Debug|Any CPU.Build.0 = Debug|Any CPU
		{6513D375-4051-4B16-B309-1B78DCF8C119}.Release|Any CPU.ActiveCfg = Release|Any CPU
		{6513D375-4051-4B16-B309-1B78DCF8C119}.Release|Any CPU.Build.0 = Release|Any CPU
		{D2F6553B-CD16-454F-AE6F-DFF26191B523}.Debug|Any CPU.ActiveCfg = Debug|Any CPU
		{D2F6553B-CD16-454F-AE6F-DFF26191B523}.Debug|Any CPU.Build.0 = Debug|Any CPU
		{D2F6553B-CD16-454F-AE6F-DFF26191B523}.Release|Any CPU.ActiveCfg = Release|Any CPU
		{D2F6553B-CD16-454F-AE6F-DFF26191B523}.Release|Any CPU.Build.0 = Release|Any CPU
		{B98D2909-DCD4-42D3-A7B0-391B1F07F098}.Debug|Any CPU.ActiveCfg = Debug|Any CPU
		{B98D2909-DCD4-42D3-A7B0-391B1F07F098}.Debug|Any CPU.Build.0 = Debug|Any CPU
		{B98D2909-DCD4-42D3-A7B0-391B1F07F098}.Release|Any CPU.ActiveCfg = Release|Any CPU
		{B98D2909-DCD4-42D3-A7B0-391B1F07F098}.Release|Any CPU.Build.0 = Release|Any CPU
		{7C8F3AF1-E3DE-463B-B23F-D56EC8C78E14}.Debug|Any CPU.ActiveCfg = Debug|Any CPU
		{7C8F3AF1-E3DE-463B-B23F-D56EC8C78E14}.Debug|Any CPU.Build.0 = Debug|Any CPU
		{7C8F3AF1-E3DE-463B-B23F-D56EC8C78E14}.Release|Any CPU.ActiveCfg = Release|Any CPU
		{7C8F3AF1-E3DE-463B-B23F-D56EC8C78E14}.Release|Any CPU.Build.0 = Release|Any CPU
		{45C9C689-1BB0-4F20-90A2-4DD5DD742DF2}.Debug|Any CPU.ActiveCfg = Debug|Any CPU
		{45C9C689-1BB0-4F20-90A2-4DD5DD742DF2}.Debug|Any CPU.Build.0 = Debug|Any CPU
		{45C9C689-1BB0-4F20-90A2-4DD5DD742DF2}.Release|Any CPU.ActiveCfg = Release|Any CPU
		{45C9C689-1BB0-4F20-90A2-4DD5DD742DF2}.Release|Any CPU.Build.0 = Release|Any CPU
		{6AA16FCB-B692-490A-9991-4318145E9719}.Debug|Any CPU.ActiveCfg = Debug|Any CPU
		{6AA16FCB-B692-490A-9991-4318145E9719}.Debug|Any CPU.Build.0 = Debug|Any CPU
		{6AA16FCB-B692-490A-9991-4318145E9719}.Release|Any CPU.ActiveCfg = Release|Any CPU
		{6AA16FCB-B692-490A-9991-4318145E9719}.Release|Any CPU.Build.0 = Release|Any CPU
		{60DF0907-6EED-4220-83C1-E69FF2A52046}.Debug|Any CPU.ActiveCfg = Debug|Any CPU
		{60DF0907-6EED-4220-83C1-E69FF2A52046}.Debug|Any CPU.Build.0 = Debug|Any CPU
		{60DF0907-6EED-4220-83C1-E69FF2A52046}.Release|Any CPU.ActiveCfg = Release|Any CPU
		{60DF0907-6EED-4220-83C1-E69FF2A52046}.Release|Any CPU.Build.0 = Release|Any CPU
		{271D59A9-7B8E-4D51-A022-77B3B0B7CDE2}.Debug|Any CPU.ActiveCfg = Debug|Any CPU
		{271D59A9-7B8E-4D51-A022-77B3B0B7CDE2}.Debug|Any CPU.Build.0 = Debug|Any CPU
		{271D59A9-7B8E-4D51-A022-77B3B0B7CDE2}.Release|Any CPU.ActiveCfg = Release|Any CPU
		{271D59A9-7B8E-4D51-A022-77B3B0B7CDE2}.Release|Any CPU.Build.0 = Release|Any CPU
		{3AE5FE81-7214-44B7-B6E3-9097DBE80845}.Debug|Any CPU.ActiveCfg = Debug|Any CPU
		{3AE5FE81-7214-44B7-B6E3-9097DBE80845}.Debug|Any CPU.Build.0 = Debug|Any CPU
		{3AE5FE81-7214-44B7-B6E3-9097DBE80845}.Release|Any CPU.ActiveCfg = Release|Any CPU
		{3AE5FE81-7214-44B7-B6E3-9097DBE80845}.Release|Any CPU.Build.0 = Release|Any CPU
	EndGlobalSection
	GlobalSection(SolutionProperties) = preSolution
		HideSolutionNode = FALSE
	EndGlobalSection
	GlobalSection(NestedProjects) = preSolution
		{AF3554B8-E24A-4131-9B12-9D8EB06797DB} = {B6FE778F-294B-4080-9F79-7A8E48B37723}
		{A20EBFB4-7B1C-4600-A602-E37BABB6261C} = {063C39E4-2EEA-4E2A-90CA-53D2B1CC37B4}
		{216DE676-0B81-4FEA-897B-BF8DFC1A8ACB} = {063C39E4-2EEA-4E2A-90CA-53D2B1CC37B4}
		{3145E30D-3AEF-4585-BD00-4C63BD1DF02B} = {063C39E4-2EEA-4E2A-90CA-53D2B1CC37B4}
		{5E5E8929-A1CB-4A5C-A546-12A59619B147} = {ED1D597C-5B1F-4D84-A6E8-A424944756A6}
		{6513D375-4051-4B16-B309-1B78DCF8C119} = {ED1D597C-5B1F-4D84-A6E8-A424944756A6}
		{D2F6553B-CD16-454F-AE6F-DFF26191B523} = {ED1D597C-5B1F-4D84-A6E8-A424944756A6}
		{B98D2909-DCD4-42D3-A7B0-391B1F07F098} = {ED1D597C-5B1F-4D84-A6E8-A424944756A6}
		{7C8F3AF1-E3DE-463B-B23F-D56EC8C78E14} = {7DA76702-59BD-4465-9FCE-D84CB535F366}
		{45C9C689-1BB0-4F20-90A2-4DD5DD742DF2} = {7DA76702-59BD-4465-9FCE-D84CB535F366}
		{6AA16FCB-B692-490A-9991-4318145E9719} = {7DA76702-59BD-4465-9FCE-D84CB535F366}
		{60DF0907-6EED-4220-83C1-E69FF2A52046} = {7726ED96-4BD3-4AE8-AD0D-D2EB39EB4818}
		{271D59A9-7B8E-4D51-A022-77B3B0B7CDE2} = {8AA3B1E0-25D3-43B2-B9EE-83CE512304DB}
		{3AE5FE81-7214-44B7-B6E3-9097DBE80845} = {8DAF244E-D9AD-43AC-8789-F53A13EA4E27}
	EndGlobalSection
	GlobalSection(ExtensibilityGlobals) = postSolution
		SolutionGuid = {161A1756-05CF-4FFF-8D30-35B8CB33EF25}
	EndGlobalSection
EndGlobal
